
Microsoft Visual Studio Solution File, Format Version 12.00
# Visual Studio 2013
VisualStudioVersion = 12.0.20910.1
MinimumVisualStudioVersion = 10.0.40219.1
Project("{FAE04EC0-301F-11D3-BF4B-00C04F79EFBC}") = "ILoveNotes", "ILoveNotes\ILoveNotes.csproj", "{98DAAC99-D53F-4017-8E91-40A1068365BC}"
EndProject
Global

	GlobalSection(SolutionConfigurationPlatforms) = preSolution
		Debug|Any CPU = Debug|Any CPU
		Debug|ARM = Debug|ARM
		Debug|x64 = Debug|x64
		Debug|x86 = Debug|x86
		Release|Any CPU = Release|Any CPU
		Release|ARM = Release|ARM
		Release|x64 = Release|x64
		Release|x86 = Release|x86
	EndGlobalSection
	GlobalSection(ProjectConfigurationPlatforms) = postSolution
		{98DAAC99-D53F-4017-8E91-40A1068365BC}.Debug|Any CPU.ActiveCfg = Debug|Any CPU
		{98DAAC99-D53F-4017-8E91-40A1068365BC}.Debug|Any CPU.Build.0 = Debug|Any CPU
		{98DAAC99-D53F-4017-8E91-40A1068365BC}.Debug|Any CPU.Deploy.0 = Debug|Any CPU
		{98DAAC99-D53F-4017-8E91-40A1068365BC}.Debug|ARM.ActiveCfg = Debug|ARM
		{98DAAC99-D53F-4017-8E91-40A1068365BC}.Debug|ARM.Build.0 = Debug|ARM
		{98DAAC99-D53F-4017-8E91-40A1068365BC}.Debug|ARM.Deploy.0 = Debug|ARM
		{98DAAC99-D53F-4017-8E91-40A1068365BC}.Debug|x64.ActiveCfg = Debug|x64
		{98DAAC99-D53F-4017-8E91-40A1068365BC}.Debug|x64.Build.0 = Debug|x64
		{98DAAC99-D53F-4017-8E91-40A1068365BC}.Debug|x64.Deploy.0 = Debug|x64
		{98DAAC99-D53F-4017-8E91-40A1068365BC}.Debug|x86.ActiveCfg = Debug|x86
		{98DAAC99-D53F-4017-8E91-40A1068365BC}.Debug|x86.Build.0 = Debug|x86
		{98DAAC99-D53F-4017-8E91-40A1068365BC}.Debug|x86.Deploy.0 = Debug|x86
		{98DAAC99-D53F-4017-8E91-40A1068365BC}.Release|Any CPU.ActiveCfg = Release|Any CPU
		{98DAAC99-D53F-4017-8E91-40A1068365BC}.Release|Any CPU.Build.0 = Release|Any CPU
		{98DAAC99-D53F-4017-8E91-40A1068365BC}.Release|Any CPU.Deploy.0 = Release|Any CPU
		{98DAAC99-D53F-4017-8E91-40A1068365BC}.Release|ARM.ActiveCfg = Release|ARM
		{98DAAC99-D53F-4017-8E91-40A1068365BC}.Release|ARM.Build.0 = Release|ARM
		{98DAAC99-D53F-4017-8E91-40A1068365BC}.Release|ARM.Deploy.0 = Release|ARM
		{98DAAC99-D53F-4017-8E91-40A1068365BC}.Release|x64.ActiveCfg = Release|x64
		{98DAAC99-D53F-4017-8E91-40A1068365BC}.Release|x64.Build.0 = Release|x64
		{98DAAC99-D53F-4017-8E91-40A1068365BC}.Release|x64.Deploy.0 = Release|x64
		{98DAAC99-D53F-4017-8E91-40A1068365BC}.Release|x86.ActiveCfg = Release|x86
		{98DAAC99-D53F-4017-8E91-40A1068365BC}.Release|x86.Build.0 = Release|x86
		{98DAAC99-D53F-4017-8E91-40A1068365BC}.Release|x86.Deploy.0 = Release|x86
	EndGlobalSection
	GlobalSection(SolutionProperties) = preSolution
		HideSolutionNode = FALSE
	EndGlobalSection
EndGlobal

