
Microsoft Visual Studio Solution File, Format Version 12.00
# Visual Studio 15
VisualStudioVersion = 15.0.28307.705
MinimumVisualStudioVersion = 10.0.40219.1
Project("{FAE04EC0-301F-11D3-BF4B-00C04F79EFBC}") = "UWP-ElementBindingDemo", "UWP-ElementBindingDemo\UWP-ElementBindingDemo.csproj", "{D6EC6A7C-A92D-4765-B0AF-2C657B1FD1E2}"
EndProject
Project("{FAE04EC0-301F-11D3-BF4B-00C04F79EFBC}") = "UWP-DataBindingDemo", "UWP-DataBindingDemo\UWP-DataBindingDemo.csproj", "{D95D6020-26E6-4901-9D66-8B5F49FFF065}"
EndProject
Global
	GlobalSection(SolutionConfigurationPlatforms) = preSolution
		Debug|ARM = Debug|ARM
		Debug|ARM64 = Debug|ARM64
		Debug|x64 = Debug|x64
		Debug|x86 = Debug|x86
		Release|ARM = Release|ARM
		Release|ARM64 = Release|ARM64
		Release|x64 = Release|x64
		Release|x86 = Release|x86
	EndGlobalSection
	GlobalSection(ProjectConfigurationPlatforms) = postSolution
		{D6EC6A7C-A92D-4765-B0AF-2C657B1FD1E2}.Debug|ARM.ActiveCfg = Debug|ARM
		{D6EC6A7C-A92D-4765-B0AF-2C657B1FD1E2}.Debug|ARM.Build.0 = Debug|ARM
		{D6EC6A7C-A92D-4765-B0AF-2C657B1FD1E2}.Debug|ARM.Deploy.0 = Debug|ARM
		{D6EC6A7C-A92D-4765-B0AF-2C657B1FD1E2}.Debug|ARM64.ActiveCfg = Debug|ARM64
		{D6EC6A7C-A92D-4765-B0AF-2C657B1FD1E2}.Debug|ARM64.Build.0 = Debug|ARM64
		{D6EC6A7C-A92D-4765-B0AF-2C657B1FD1E2}.Debug|ARM64.Deploy.0 = Debug|ARM64
		{D6EC6A7C-A92D-4765-B0AF-2C657B1FD1E2}.Debug|x64.ActiveCfg = Debug|x64
		{D6EC6A7C-A92D-4765-B0AF-2C657B1FD1E2}.Debug|x64.Build.0 = Debug|x64
		{D6EC6A7C-A92D-4765-B0AF-2C657B1FD1E2}.Debug|x64.Deploy.0 = Debug|x64
		{D6EC6A7C-A92D-4765-B0AF-2C657B1FD1E2}.Debug|x86.ActiveCfg = Debug|x86
		{D6EC6A7C-A92D-4765-B0AF-2C657B1FD1E2}.Debug|x86.Build.0 = Debug|x86
		{D6EC6A7C-A92D-4765-B0AF-2C657B1FD1E2}.Debug|x86.Deploy.0 = Debug|x86
		{D6EC6A7C-A92D-4765-B0AF-2C657B1FD1E2}.Release|ARM.ActiveCfg = Release|ARM
		{D6EC6A7C-A92D-4765-B0AF-2C657B1FD1E2}.Release|ARM.Build.0 = Release|ARM
		{D6EC6A7C-A92D-4765-B0AF-2C657B1FD1E2}.Release|ARM.Deploy.0 = Release|ARM
		{D6EC6A7C-A92D-4765-B0AF-2C657B1FD1E2}.Release|ARM64.ActiveCfg = Release|ARM64
		{D6EC6A7C-A92D-4765-B0AF-2C657B1FD1E2}.Release|ARM64.Build.0 = Release|ARM64
		{D6EC6A7C-A92D-4765-B0AF-2C657B1FD1E2}.Release|ARM64.Deploy.0 = Release|ARM64
		{D6EC6A7C-A92D-4765-B0AF-2C657B1FD1E2}.Release|x64.ActiveCfg = Release|x64
		{D6EC6A7C-A92D-4765-B0AF-2C657B1FD1E2}.Release|x64.Build.0 = Release|x64
		{D6EC6A7C-A92D-4765-B0AF-2C657B1FD1E2}.Release|x64.Deploy.0 = Release|x64
		{D6EC6A7C-A92D-4765-B0AF-2C657B1FD1E2}.Release|x86.ActiveCfg = Release|x86
		{D6EC6A7C-A92D-4765-B0AF-2C657B1FD1E2}.Release|x86.Build.0 = Release|x86
		{D6EC6A7C-A92D-4765-B0AF-2C657B1FD1E2}.Release|x86.Deploy.0 = Release|x86
		{D95D6020-26E6-4901-9D66-8B5F49FFF065}.Debug|ARM.ActiveCfg = Debug|ARM
		{D95D6020-26E6-4901-9D66-8B5F49FFF065}.Debug|ARM.Build.0 = Debug|ARM
		{D95D6020-26E6-4901-9D66-8B5F49FFF065}.Debug|ARM.Deploy.0 = Debug|ARM
		{D95D6020-26E6-4901-9D66-8B5F49FFF065}.Debug|ARM64.ActiveCfg = Debug|ARM64
		{D95D6020-26E6-4901-9D66-8B5F49FFF065}.Debug|ARM64.Build.0 = Debug|ARM64
		{D95D6020-26E6-4901-9D66-8B5F49FFF065}.Debug|ARM64.Deploy.0 = Debug|ARM64
		{D95D6020-26E6-4901-9D66-8B5F49FFF065}.Debug|x64.ActiveCfg = Debug|x64
		{D95D6020-26E6-4901-9D66-8B5F49FFF065}.Debug|x64.Build.0 = Debug|x64
		{D95D6020-26E6-4901-9D66-8B5F49FFF065}.Debug|x64.Deploy.0 = Debug|x64
		{D95D6020-26E6-4901-9D66-8B5F49FFF065}.Debug|x86.ActiveCfg = Debug|x86
		{D95D6020-26E6-4901-9D66-8B5F49FFF065}.Debug|x86.Build.0 = Debug|x86
		{D95D6020-26E6-4901-9D66-8B5F49FFF065}.Debug|x86.Deploy.0 = Debug|x86
		{D95D6020-26E6-4901-9D66-8B5F49FFF065}.Release|ARM.ActiveCfg = Release|ARM
		{D95D6020-26E6-4901-9D66-8B5F49FFF065}.Release|ARM.Build.0 = Release|ARM
		{D95D6020-26E6-4901-9D66-8B5F49FFF065}.Release|ARM.Deploy.0 = Release|ARM
		{D95D6020-26E6-4901-9D66-8B5F49FFF065}.Release|ARM64.ActiveCfg = Release|ARM64
		{D95D6020-26E6-4901-9D66-8B5F49FFF065}.Release|ARM64.Build.0 = Release|ARM64
		{D95D6020-26E6-4901-9D66-8B5F49FFF065}.Release|ARM64.Deploy.0 = Release|ARM64
		{D95D6020-26E6-4901-9D66-8B5F49FFF065}.Release|x64.ActiveCfg = Release|x64
		{D95D6020-26E6-4901-9D66-8B5F49FFF065}.Release|x64.Build.0 = Release|x64
		{D95D6020-26E6-4901-9D66-8B5F49FFF065}.Release|x64.Deploy.0 = Release|x64
		{D95D6020-26E6-4901-9D66-8B5F49FFF065}.Release|x86.ActiveCfg = Release|x86
		{D95D6020-26E6-4901-9D66-8B5F49FFF065}.Release|x86.Build.0 = Release|x86
		{D95D6020-26E6-4901-9D66-8B5F49FFF065}.Release|x86.Deploy.0 = Release|x86
	EndGlobalSection
	GlobalSection(SolutionProperties) = preSolution
		HideSolutionNode = FALSE
	EndGlobalSection
	GlobalSection(ExtensibilityGlobals) = postSolution
		SolutionGuid = {82AE5E6B-C1B1-4D11-B4EE-76B282A5ADB3}
	EndGlobalSection
EndGlobal
